
Microsoft Visual Studio Solution File, Format Version 12.00
# Visual Studio Version 16
VisualStudioVersion = 16.0.30320.27
MinimumVisualStudioVersion = 10.0.40219.1
Project("{FAE04EC0-301F-11D3-BF4B-00C04F79EFBC}") = "CustomBase", "CustomBase\CustomBase.csproj", "{78F22128-D7E8-401D-98D8-E5B6158013EC}"
EndProject
Project("{FAE04EC0-301F-11D3-BF4B-00C04F79EFBC}") = "CustomServices", "CustomServices\CustomServices.csproj", "{19961A42-78C6-467E-B282-2B577D1EB2A8}"
EndProject
Project("{FAE04EC0-301F-11D3-BF4B-00C04F79EFBC}") = "CustomControllers", "CustomControllers\CustomControllers.csproj", "{F02F1AFA-385C-4C0A-A56A-7335F5BA2D64}"
EndProject
Project("{9A19103F-16F7-4668-BE54-9A1E7A4F7556}") = "CustomApp", "CustomApp\CustomApp.csproj", "{C81AD37F-14AB-48F3-820E-68E17FCAE4AD}"
EndProject
Global
	GlobalSection(SolutionConfigurationPlatforms) = preSolution
		Debug|Any CPU = Debug|Any CPU
		Release|Any CPU = Release|Any CPU
	EndGlobalSection
	GlobalSection(ProjectConfigurationPlatforms) = postSolution
		{78F22128-D7E8-401D-98D8-E5B6158013EC}.Debug|Any CPU.ActiveCfg = Debug|Any CPU
		{78F22128-D7E8-401D-98D8-E5B6158013EC}.Debug|Any CPU.Build.0 = Debug|Any CPU
		{78F22128-D7E8-401D-98D8-E5B6158013EC}.Release|Any CPU.ActiveCfg = Release|Any CPU
		{78F22128-D7E8-401D-98D8-E5B6158013EC}.Release|Any CPU.Build.0 = Release|Any CPU
		{19961A42-78C6-467E-B282-2B577D1EB2A8}.Debug|Any CPU.ActiveCfg = Debug|Any CPU
		{19961A42-78C6-467E-B282-2B577D1EB2A8}.Debug|Any CPU.Build.0 = Debug|Any CPU
		{19961A42-78C6-467E-B282-2B577D1EB2A8}.Release|Any CPU.ActiveCfg = Release|Any CPU
		{19961A42-78C6-467E-B282-2B577D1EB2A8}.Release|Any CPU.Build.0 = Release|Any CPU
		{F02F1AFA-385C-4C0A-A56A-7335F5BA2D64}.Debug|Any CPU.ActiveCfg = Debug|Any CPU
		{F02F1AFA-385C-4C0A-A56A-7335F5BA2D64}.Debug|Any CPU.Build.0 = Debug|Any CPU
		{F02F1AFA-385C-4C0A-A56A-7335F5BA2D64}.Release|Any CPU.ActiveCfg = Release|Any CPU
		{F02F1AFA-385C-4C0A-A56A-7335F5BA2D64}.Release|Any CPU.Build.0 = Release|Any CPU
		{C81AD37F-14AB-48F3-820E-68E17FCAE4AD}.Debug|Any CPU.ActiveCfg = Debug|Any CPU
		{C81AD37F-14AB-48F3-820E-68E17FCAE4AD}.Debug|Any CPU.Build.0 = Debug|Any CPU
		{C81AD37F-14AB-48F3-820E-68E17FCAE4AD}.Release|Any CPU.ActiveCfg = Release|Any CPU
		{C81AD37F-14AB-48F3-820E-68E17FCAE4AD}.Release|Any CPU.Build.0 = Release|Any CPU
	EndGlobalSection
	GlobalSection(SolutionProperties) = preSolution
		HideSolutionNode = FALSE
	EndGlobalSection
	GlobalSection(ExtensibilityGlobals) = postSolution
		SolutionGuid = {E156A139-7FC7-43FB-BA5E-D77AA566B224}
	EndGlobalSection
EndGlobal
